# This file is automatically @generated by Cargo.
# It is not intended for manual editing.
version = 3

[[package]]
name = "adler"
version = "1.0.2"
source = "registry+https://github.com/rust-lang/crates.io-index"
checksum = "f26201604c87b1e01bd3d98f8d5d9a8fcbb815e8cedb41ffccbeb4bf593a35fe"

[[package]]
name = "anyhow"
version = "1.0.75"
source = "registry+https://github.com/rust-lang/crates.io-index"
checksum = "a4668cab20f66d8d020e1fbc0ebe47217433c1b6c8f2040faf858554e394ace6"

[[package]]
name = "autocfg"
version = "1.1.0"
source = "registry+https://github.com/rust-lang/crates.io-index"
checksum = "d468802bab17cbc0cc575e9b053f41e72aa36bfa6b7f55e3529ffa43161b97fa"

[[package]]
name = "base45"
version = "3.1.0"
source = "registry+https://github.com/rust-lang/crates.io-index"
checksum = "b3103f6d6af63726e86b026ac66769fc578ea38aba33f409e5855a4def97a564"

[[package]]
name = "build-data"
version = "0.1.5"
source = "registry+https://github.com/rust-lang/crates.io-index"
checksum = "aed3884e2cab7c973c8fd2d150314b6a932df7fdc830edcaf1e8e7c4ae9db3c0"
dependencies = [
 "chrono",
 "safe-lock",
 "safe-regex",
]

[[package]]
name = "cfg-if"
version = "1.0.0"
source = "registry+https://github.com/rust-lang/crates.io-index"
checksum = "baf1de4339761588bc0619e3cbc0120ee582ebb74b53b4efbf79117bd2da40fd"

[[package]]
name = "chrono"
version = "0.4.31"
source = "registry+https://github.com/rust-lang/crates.io-index"
checksum = "7f2c685bad3eb3d45a01354cedb7d5faa66194d1d58ba6e267a8de788f79db38"
dependencies = [
 "num-traits",
]

[[package]]
name = "ciborium"
version = "0.2.1"
source = "git+https://github.com/enarx/ciborium.git?branch=main#09134e6f19ca1f7445dba7664535b0b954575598"
dependencies = [
 "ciborium-io",
 "ciborium-ll",
 "serde",
]

[[package]]
name = "ciborium-io"
version = "0.2.1"
source = "git+https://github.com/enarx/ciborium.git?branch=main#09134e6f19ca1f7445dba7664535b0b954575598"

[[package]]
name = "ciborium-ll"
version = "0.2.1"
source = "git+https://github.com/enarx/ciborium.git?branch=main#09134e6f19ca1f7445dba7664535b0b954575598"
dependencies = [
 "ciborium-io",
 "half",
]

[[package]]
name = "covid19-eu-cert-decoder"
version = "0.1.3"
dependencies = [
 "anyhow",
 "base45",
 "build-data",
 "ciborium",
 "flate2",
]

[[package]]
name = "crc32fast"
version = "1.3.2"
source = "registry+https://github.com/rust-lang/crates.io-index"
checksum = "b540bd8bc810d3885c6ea91e2018302f68baba2129ab3e88f32389ee9370880d"
dependencies = [
 "cfg-if",
]

[[package]]
name = "crunchy"
version = "0.2.2"
source = "registry+https://github.com/rust-lang/crates.io-index"
checksum = "7a81dae078cea95a014a339291cec439d2f232ebe854a9d672b796c6afafa9b7"

[[package]]
name = "flate2"
version = "1.0.27"
source = "registry+https://github.com/rust-lang/crates.io-index"
checksum = "c6c98ee8095e9d1dcbf2fcc6d95acccb90d1c81db1e44725c6a984b1dbdfb010"
dependencies = [
 "crc32fast",
 "miniz_oxide",
]

[[package]]
name = "half"
version = "2.3.1"
source = "registry+https://github.com/rust-lang/crates.io-index"
checksum = "bc52e53916c08643f1b56ec082790d1e86a32e58dc5268f897f313fbae7b4872"
dependencies = [
 "cfg-if",
 "crunchy",
]

[[package]]
name = "miniz_oxide"
version = "0.7.1"
source = "registry+https://github.com/rust-lang/crates.io-index"
checksum = "e7810e0be55b428ada41041c41f32c9f1a42817901b4ccf45fa3d4b6561e74c7"
dependencies = [
 "adler",
]

[[package]]
name = "num-traits"
version = "0.2.17"
source = "registry+https://github.com/rust-lang/crates.io-index"
checksum = "39e3200413f237f41ab11ad6d161bc7239c84dcb631773ccd7de3dfe4b5c267c"
dependencies = [
 "autocfg",
]

[[package]]
name = "proc-macro2"
version = "1.0.68"
source = "registry+https://github.com/rust-lang/crates.io-index"
checksum = "5b1106fec09662ec6dd98ccac0f81cef56984d0b49f75c92d8cbad76e20c005c"
dependencies = [
 "unicode-ident",
]

[[package]]
name = "quote"
version = "1.0.33"
source = "registry+https://github.com/rust-lang/crates.io-index"
checksum = "5267fca4496028628a95160fc423a33e8b2e6af8a5302579e322e4b520293cae"
dependencies = [
 "proc-macro2",
]

[[package]]
name = "safe-lock"
version = "0.1.3"
source = "registry+https://github.com/rust-lang/crates.io-index"
checksum = "077d73db7973cccf63eb4aff1e5a34dc2459baa867512088269ea5f2f4253c90"

[[package]]
name = "safe-proc-macro2"
version = "1.0.67"
source = "registry+https://github.com/rust-lang/crates.io-index"
checksum = "7fd85be67db87168aa3c13fd0da99f48f2ab005dccad5af5626138dc1df20eb6"
dependencies = [
 "unicode-ident",
]

[[package]]
name = "safe-quote"
version = "1.0.15"
source = "registry+https://github.com/rust-lang/crates.io-index"
checksum = "77e530f7831f3feafcd5f1aae406ac205dd998436b4007c8e80f03eca78a88f7"
dependencies = [
 "safe-proc-macro2",
]

[[package]]
name = "safe-regex"
version = "0.2.5"
source = "registry+https://github.com/rust-lang/crates.io-index"
checksum = "a15289bf322e0673d52756a18194167f2378ec1a15fe884af6e2d2cb934822b0"
dependencies = [
 "safe-regex-macro",
]

[[package]]
name = "safe-regex-compiler"
version = "0.2.5"
source = "registry+https://github.com/rust-lang/crates.io-index"
checksum = "fba76fae590a2aa665279deb1f57b5098cbace01a0c5e60e262fcf55f7c51542"
dependencies = [
 "safe-proc-macro2",
 "safe-quote",
]

[[package]]
name = "safe-regex-macro"
version = "0.2.5"
source = "registry+https://github.com/rust-lang/crates.io-index"
checksum = "96c2e96b5c03f158d1b16ba79af515137795f4ad4e8de3f790518aae91f1d127"
dependencies = [
 "safe-proc-macro2",
 "safe-regex-compiler",
]

[[package]]
name = "serde"
version = "1.0.188"
source = "registry+https://github.com/rust-lang/crates.io-index"
checksum = "cf9e0fcba69a370eed61bcf2b728575f726b50b55cba78064753d708ddc7549e"
dependencies = [
 "serde_derive",
]

[[package]]
name = "serde_derive"
version = "1.0.188"
source = "registry+https://github.com/rust-lang/crates.io-index"
checksum = "4eca7ac642d82aa35b60049a6eccb4be6be75e599bd2e9adb5f875a737654af2"
dependencies = [
 "proc-macro2",
 "quote",
 "syn",
]

[[package]]
name = "syn"
version = "2.0.38"
source = "registry+https://github.com/rust-lang/crates.io-index"
checksum = "e96b79aaa137db8f61e26363a0c9b47d8b4ec75da28b7d1d614c2303e232408b"
dependencies = [
 "proc-macro2",
 "quote",
 "unicode-ident",
]

[[package]]
name = "unicode-ident"
version = "1.0.12"
source = "registry+https://github.com/rust-lang/crates.io-index"
checksum = "3354b9ac3fae1ff6755cb6db53683adb661634f67557942dea4facebec0fee4b"
